// !$*UTF8*$!
{
	archiveVersion = 1;
	classes = {
	};
	objectVersion = 50;
	objects = {

/* Begin PBXBuildFile section */
		52181AA5226186610095FEEB /* BaseWindowController.m in Sources */ = {isa = PBXBuildFile; fileRef = 52181AA4226186610095FEEB /* BaseWindowController.m */; };
		522AFDAC2265CBBB003EDA9C /* ContactListViewCell.m in Sources */ = {isa = PBXBuildFile; fileRef = 522AFDA92265CBBB003EDA9C /* ContactListViewCell.m */; };
		52531BA82264689700B70E07 /* UIImage+Extension.m in Sources */ = {isa = PBXBuildFile; fileRef = 52531BA22264689700B70E07 /* UIImage+Extension.m */; };
		52531BA92264689700B70E07 /* DIMProfile+Extension.m in Sources */ = {isa = PBXBuildFile; fileRef = 52531BA32264689700B70E07 /* DIMProfile+Extension.m */; };
		52531BAB2264689700B70E07 /* NSString+Extension.m in Sources */ = {isa = PBXBuildFile; fileRef = 52531BA52264689700B70E07 /* NSString+Extension.m */; };
		52531BB52264776D00B70E07 /* ContactListViewController.m in Sources */ = {isa = PBXBuildFile; fileRef = 52531BB32264776D00B70E07 /* ContactListViewController.m */; };
		52531BB62264776D00B70E07 /* ContactListViewController.xib in Resources */ = {isa = PBXBuildFile; fileRef = 52531BB42264776D00B70E07 /* ContactListViewController.xib */; };
		528B499A2247D8B1009519F9 /* ChatDetailViewController.xib in Resources */ = {isa = PBXBuildFile; fileRef = 528B49982247D8B1009519F9 /* ChatDetailViewController.xib */; };
		528B499B2247D8B1009519F9 /* ChatDetailViewController.m in Sources */ = {isa = PBXBuildFile; fileRef = 528B49992247D8B1009519F9 /* ChatDetailViewController.m */; };
		529BEE2D22472FAA007C6568 /* SystemUtility.m in Sources */ = {isa = PBXBuildFile; fileRef = 529BEE2A22472FAA007C6568 /* SystemUtility.m */; };
		529BEE3B22472FFD007C6568 /* NSView+Image.m in Sources */ = {isa = PBXBuildFile; fileRef = 529BEE2F22472FFD007C6568 /* NSView+Image.m */; };
		529BEE3C22472FFD007C6568 /* NSDictionary+Additions.m in Sources */ = {isa = PBXBuildFile; fileRef = 529BEE3022472FFD007C6568 /* NSDictionary+Additions.m */; };
		529BEE3D22472FFD007C6568 /* NSColor+Hex.m in Sources */ = {isa = PBXBuildFile; fileRef = 529BEE3122472FFD007C6568 /* NSColor+Hex.m */; };
		529BEE3E22472FFD007C6568 /* NSString+Utility.m in Sources */ = {isa = PBXBuildFile; fileRef = 529BEE3222472FFD007C6568 /* NSString+Utility.m */; };
		529BEE3F22472FFD007C6568 /* NSBundle+OBCodeSigningInfo.m in Sources */ = {isa = PBXBuildFile; fileRef = 529BEE3322472FFD007C6568 /* NSBundle+OBCodeSigningInfo.m */; };
		529BEE4022472FFD007C6568 /* NSString+HTML.m in Sources */ = {isa = PBXBuildFile; fileRef = 529BEE3922472FFD007C6568 /* NSString+HTML.m */; };
		529BEE4222473096007C6568 /* IOKit.framework in Frameworks */ = {isa = PBXBuildFile; fileRef = 529BEE4122473096007C6568 /* IOKit.framework */; };
		529BEE4422473165007C6568 /* AppKit.framework in Frameworks */ = {isa = PBXBuildFile; fileRef = 529BEE4322473165007C6568 /* AppKit.framework */; };
		529BEE4C22473248007C6568 /* ChatListViewController.m in Sources */ = {isa = PBXBuildFile; fileRef = 529BEE4922473248007C6568 /* ChatListViewController.m */; };
		529BEE4D22473248007C6568 /* ChatListViewController.xib in Resources */ = {isa = PBXBuildFile; fileRef = 529BEE4A22473248007C6568 /* ChatListViewController.xib */; };
		529BEE5222473664007C6568 /* MainWindowController.m in Sources */ = {isa = PBXBuildFile; fileRef = 529BEE5022473664007C6568 /* MainWindowController.m */; };
		529BEE5322473664007C6568 /* MainWindowController.xib in Resources */ = {isa = PBXBuildFile; fileRef = 529BEE5122473664007C6568 /* MainWindowController.xib */; };
		529BEE55224737F3007C6568 /* MainMenu.xib in Resources */ = {isa = PBXBuildFile; fileRef = 529BEE54224737F3007C6568 /* MainMenu.xib */; };
		529BEE5922477ED4007C6568 /* ChatListViewCell.m in Sources */ = {isa = PBXBuildFile; fileRef = 529BEE5822477ED4007C6568 /* ChatListViewCell.m */; };
		529D2C03224A2C44005D19A5 /* ChatMessageCell.m in Sources */ = {isa = PBXBuildFile; fileRef = 529D2C02224A2C44005D19A5 /* ChatMessageCell.m */; };
		529D2C10224A307A005D19A5 /* LoginWindowController.m in Sources */ = {isa = PBXBuildFile; fileRef = 529D2C0D224A307A005D19A5 /* LoginWindowController.m */; };
		529D2C11224A307A005D19A5 /* LoginWindowController.xib in Resources */ = {isa = PBXBuildFile; fileRef = 529D2C0E224A307A005D19A5 /* LoginWindowController.xib */; };
		52F9145A22685383002E912F /* ContactDetailViewController.m in Sources */ = {isa = PBXBuildFile; fileRef = 52F9145822685383002E912F /* ContactDetailViewController.m */; };
		52F9145B22685383002E912F /* ContactDetailViewController.xib in Resources */ = {isa = PBXBuildFile; fileRef = 52F9145922685383002E912F /* ContactDetailViewController.xib */; };
		E9BBC39B2242B57E00E6ACDA /* AppDelegate.m in Sources */ = {isa = PBXBuildFile; fileRef = E9BBC39A2242B57E00E6ACDA /* AppDelegate.m */; };
		E9BBC3A02242B57F00E6ACDA /* Assets.xcassets in Resources */ = {isa = PBXBuildFile; fileRef = E9BBC39F2242B57F00E6ACDA /* Assets.xcassets */; };
		E9BBC3A62242B57F00E6ACDA /* main.m in Sources */ = {isa = PBXBuildFile; fileRef = E9BBC3A52242B57F00E6ACDA /* main.m */; };
		E9BBC3B12242B58000E6ACDA /* SechatTests.m in Sources */ = {isa = PBXBuildFile; fileRef = E9BBC3B02242B58000E6ACDA /* SechatTests.m */; };
		E9BBC3BC2242B58000E6ACDA /* SechatUITests.m in Sources */ = {isa = PBXBuildFile; fileRef = E9BBC3BB2242B58000E6ACDA /* SechatUITests.m */; };
		E9BBC3DA2242B6C500E6ACDA /* gsp.plist in Resources */ = {isa = PBXBuildFile; fileRef = E9BBC3D92242B6C500E6ACDA /* gsp.plist */; };
		E9BBC3E62242B6F600E6ACDA /* Facebook+Register.m in Sources */ = {isa = PBXBuildFile; fileRef = E9BBC3DD2242B6F600E6ACDA /* Facebook+Register.m */; };
		E9BBC3E72242B6F600E6ACDA /* User.m in Sources */ = {isa = PBXBuildFile; fileRef = E9BBC3DE2242B6F600E6ACDA /* User.m */; };
		E9BBC3E82242B6F600E6ACDA /* MessageProcessor+GroupCommand.m in Sources */ = {isa = PBXBuildFile; fileRef = E9BBC3E02242B6F600E6ACDA /* MessageProcessor+GroupCommand.m */; };
		E9BBC3E92242B6F600E6ACDA /* MessageProcessor.m in Sources */ = {isa = PBXBuildFile; fileRef = E9BBC3E12242B6F600E6ACDA /* MessageProcessor.m */; };
		E9BBC3EA2242B6F600E6ACDA /* Facebook.m in Sources */ = {isa = PBXBuildFile; fileRef = E9BBC3E52242B6F600E6ACDA /* Facebook.m */; };
		E9BBC4362242BC5800E6ACDA /* Client.m in Sources */ = {isa = PBXBuildFile; fileRef = E9BBC4352242BC5800E6ACDA /* Client.m */; };
		E9BBC4952242C58D00E6ACDA /* DaoKeDao.framework in Frameworks */ = {isa = PBXBuildFile; fileRef = E9BBC4792242C10F00E6ACDA /* DaoKeDao.framework */; };
		E9BBC4962242C58D00E6ACDA /* DaoKeDao.framework in Embed Frameworks */ = {isa = PBXBuildFile; fileRef = E9BBC4792242C10F00E6ACDA /* DaoKeDao.framework */; settings = {ATTRIBUTES = (CodeSignOnCopy, RemoveHeadersOnCopy, ); }; };
		E9BBC4972242C59300E6ACDA /* MingKeMing.framework in Frameworks */ = {isa = PBXBuildFile; fileRef = E9BBC47B2242C11300E6ACDA /* MingKeMing.framework */; };
		E9BBC4982242C59300E6ACDA /* MingKeMing.framework in Embed Frameworks */ = {isa = PBXBuildFile; fileRef = E9BBC47B2242C11300E6ACDA /* MingKeMing.framework */; settings = {ATTRIBUTES = (CodeSignOnCopy, RemoveHeadersOnCopy, ); }; };
		E9BBC4992242C59900E6ACDA /* DIMCore.framework in Frameworks */ = {isa = PBXBuildFile; fileRef = E9BBC4772242C10700E6ACDA /* DIMCore.framework */; };
		E9BBC49A2242C59900E6ACDA /* DIMCore.framework in Embed Frameworks */ = {isa = PBXBuildFile; fileRef = E9BBC4772242C10700E6ACDA /* DIMCore.framework */; settings = {ATTRIBUTES = (CodeSignOnCopy, RemoveHeadersOnCopy, ); }; };
		E9BBC49B2242C5B200E6ACDA /* MarsGate.framework in Frameworks */ = {isa = PBXBuildFile; fileRef = E9BBC47D2242C11600E6ACDA /* MarsGate.framework */; };
		E9BBC49C2242C5B200E6ACDA /* MarsGate.framework in Embed Frameworks */ = {isa = PBXBuildFile; fileRef = E9BBC47D2242C11600E6ACDA /* MarsGate.framework */; settings = {ATTRIBUTES = (CodeSignOnCopy, RemoveHeadersOnCopy, ); }; };
		E9BBC49D2242C5BA00E6ACDA /* FiniteStateMachine.framework in Frameworks */ = {isa = PBXBuildFile; fileRef = E9BBC47F2242C11900E6ACDA /* FiniteStateMachine.framework */; };
		E9BBC49E2242C5BA00E6ACDA /* FiniteStateMachine.framework in Embed Frameworks */ = {isa = PBXBuildFile; fileRef = E9BBC47F2242C11900E6ACDA /* FiniteStateMachine.framework */; settings = {ATTRIBUTES = (CodeSignOnCopy, RemoveHeadersOnCopy, ); }; };
		E9BBC49F2242C5C500E6ACDA /* DIMClient.framework in Frameworks */ = {isa = PBXBuildFile; fileRef = E9BBC4712242C0A700E6ACDA /* DIMClient.framework */; };
		E9BBC4A02242C5C500E6ACDA /* DIMClient.framework in Embed Frameworks */ = {isa = PBXBuildFile; fileRef = E9BBC4712242C0A700E6ACDA /* DIMClient.framework */; settings = {ATTRIBUTES = (CodeSignOnCopy, RemoveHeadersOnCopy, ); }; };
/* End PBXBuildFile section */

/* Begin PBXContainerItemProxy section */
		E9BBC3AD2242B58000E6ACDA /* PBXContainerItemProxy */ = {
			isa = PBXContainerItemProxy;
			containerPortal = E9BBC38E2242B57E00E6ACDA /* Project object */;
			proxyType = 1;
			remoteGlobalIDString = E9BBC3952242B57E00E6ACDA;
			remoteInfo = Sechat;
		};
		E9BBC3B82242B58000E6ACDA /* PBXContainerItemProxy */ = {
			isa = PBXContainerItemProxy;
			containerPortal = E9BBC38E2242B57E00E6ACDA /* Project object */;
			proxyType = 1;
			remoteGlobalIDString = E9BBC3952242B57E00E6ACDA;
			remoteInfo = Sechat;
		};
		E9BBC4702242C0A700E6ACDA /* PBXContainerItemProxy */ = {
			isa = PBXContainerItemProxy;
			containerPortal = E9BBC4662242C0A700E6ACDA /* DIMClient.xcodeproj */;
			proxyType = 2;
			remoteGlobalIDString = E9BBC2E922429D6C00E6ACDA;
			remoteInfo = DIMClient;
		};
		E9BBC4722242C0A700E6ACDA /* PBXContainerItemProxy */ = {
			isa = PBXContainerItemProxy;
			containerPortal = E9BBC4662242C0A700E6ACDA /* DIMClient.xcodeproj */;
			proxyType = 2;
			remoteGlobalIDString = E9BBC2F222429D6C00E6ACDA;
			remoteInfo = DIMClientTests;
		};
		E9BBC4752242C0F300E6ACDA /* PBXContainerItemProxy */ = {
			isa = PBXContainerItemProxy;
			containerPortal = E9BBC4662242C0A700E6ACDA /* DIMClient.xcodeproj */;
			proxyType = 1;
			remoteGlobalIDString = E9BBC2E822429D6C00E6ACDA;
			remoteInfo = DIMClient;
		};
		E9BBC4932242C53300E6ACDA /* PBXContainerItemProxy */ = {
			isa = PBXContainerItemProxy;
			containerPortal = E9BBC4662242C0A700E6ACDA /* DIMClient.xcodeproj */;
			proxyType = 1;
			remoteGlobalIDString = E9BBC2E822429D6C00E6ACDA;
			remoteInfo = DIMClient;
		};
		E9BBC4A12242C5C500E6ACDA /* PBXContainerItemProxy */ = {
			isa = PBXContainerItemProxy;
			containerPortal = E9BBC4662242C0A700E6ACDA /* DIMClient.xcodeproj */;
			proxyType = 1;
			remoteGlobalIDString = E9BBC2E822429D6C00E6ACDA;
			remoteInfo = DIMClient;
		};
/* End PBXContainerItemProxy section */

/* Begin PBXCopyFilesBuildPhase section */
		E9BBC40F2242B80E00E6ACDA /* Embed Frameworks */ = {
			isa = PBXCopyFilesBuildPhase;
			buildActionMask = 2147483647;
			dstPath = "";
			dstSubfolderSpec = 10;
			files = (
				E9BBC4982242C59300E6ACDA /* MingKeMing.framework in Embed Frameworks */,
				E9BBC4962242C58D00E6ACDA /* DaoKeDao.framework in Embed Frameworks */,
				E9BBC49C2242C5B200E6ACDA /* MarsGate.framework in Embed Frameworks */,
				E9BBC49E2242C5BA00E6ACDA /* FiniteStateMachine.framework in Embed Frameworks */,
				E9BBC4A02242C5C500E6ACDA /* DIMClient.framework in Embed Frameworks */,
				E9BBC49A2242C59900E6ACDA /* DIMCore.framework in Embed Frameworks */,
			);
			name = "Embed Frameworks";
			runOnlyForDeploymentPostprocessing = 0;
		};
/* End PBXCopyFilesBuildPhase section */

/* Begin PBXFileReference section */
		52181AA2226186610095FEEB /* BaseWindowController.h */ = {isa = PBXFileReference; fileEncoding = 4; lastKnownFileType = sourcecode.c.h; path = BaseWindowController.h; sourceTree = "<group>"; };
		52181AA4226186610095FEEB /* BaseWindowController.m */ = {isa = PBXFileReference; fileEncoding = 4; lastKnownFileType = sourcecode.c.objc; path = BaseWindowController.m; sourceTree = "<group>"; };
		522AFDA92265CBBB003EDA9C /* ContactListViewCell.m */ = {isa = PBXFileReference; fileEncoding = 4; lastKnownFileType = sourcecode.c.objc; path = ContactListViewCell.m; sourceTree = "<group>"; };
		522AFDAB2265CBBB003EDA9C /* ContactListViewCell.h */ = {isa = PBXFileReference; fileEncoding = 4; lastKnownFileType = sourcecode.c.h; path = ContactListViewCell.h; sourceTree = "<group>"; };
		52531B9F2264689700B70E07 /* DIMProfile+Extension.h */ = {isa = PBXFileReference; fileEncoding = 4; lastKnownFileType = sourcecode.c.h; path = "DIMProfile+Extension.h"; sourceTree = "<group>"; };
		52531BA02264689700B70E07 /* NSString+Extension.h */ = {isa = PBXFileReference; fileEncoding = 4; lastKnownFileType = sourcecode.c.h; path = "NSString+Extension.h"; sourceTree = "<group>"; };
		52531BA22264689700B70E07 /* UIImage+Extension.m */ = {isa = PBXFileReference; fileEncoding = 4; lastKnownFileType = sourcecode.c.objc; path = "UIImage+Extension.m"; sourceTree = "<group>"; };
		52531BA32264689700B70E07 /* DIMProfile+Extension.m */ = {isa = PBXFileReference; fileEncoding = 4; lastKnownFileType = sourcecode.c.objc; path = "DIMProfile+Extension.m"; sourceTree = "<group>"; };
		52531BA52264689700B70E07 /* NSString+Extension.m */ = {isa = PBXFileReference; fileEncoding = 4; lastKnownFileType = sourcecode.c.objc; path = "NSString+Extension.m"; sourceTree = "<group>"; };
		52531BA62264689700B70E07 /* UIImage+Extension.h */ = {isa = PBXFileReference; fileEncoding = 4; lastKnownFileType = sourcecode.c.h; path = "UIImage+Extension.h"; sourceTree = "<group>"; };
		52531BB22264776D00B70E07 /* ContactListViewController.h */ = {isa = PBXFileReference; lastKnownFileType = sourcecode.c.h; path = ContactListViewController.h; sourceTree = "<group>"; };
		52531BB32264776D00B70E07 /* ContactListViewController.m */ = {isa = PBXFileReference; lastKnownFileType = sourcecode.c.objc; path = ContactListViewController.m; sourceTree = "<group>"; };
		52531BB42264776D00B70E07 /* ContactListViewController.xib */ = {isa = PBXFileReference; lastKnownFileType = file.xib; path = ContactListViewController.xib; sourceTree = "<group>"; };
		528B49972247D8B1009519F9 /* ChatDetailViewController.h */ = {isa = PBXFileReference; fileEncoding = 4; lastKnownFileType = sourcecode.c.h; path = ChatDetailViewController.h; sourceTree = "<group>"; };
		528B49982247D8B1009519F9 /* ChatDetailViewController.xib */ = {isa = PBXFileReference; fileEncoding = 4; lastKnownFileType = file.xib; path = ChatDetailViewController.xib; sourceTree = "<group>"; };
		528B49992247D8B1009519F9 /* ChatDetailViewController.m */ = {isa = PBXFileReference; fileEncoding = 4; lastKnownFileType = sourcecode.c.objc; path = ChatDetailViewController.m; sourceTree = "<group>"; };
		529BEE2A22472FAA007C6568 /* SystemUtility.m */ = {isa = PBXFileReference; fileEncoding = 4; lastKnownFileType = sourcecode.c.objc; path = SystemUtility.m; sourceTree = "<group>"; };
		529BEE2B22472FAA007C6568 /* SystemUtility.h */ = {isa = PBXFileReference; fileEncoding = 4; lastKnownFileType = sourcecode.c.h; path = SystemUtility.h; sourceTree = "<group>"; };
		529BEE2F22472FFD007C6568 /* NSView+Image.m */ = {isa = PBXFileReference; fileEncoding = 4; lastKnownFileType = sourcecode.c.objc; path = "NSView+Image.m"; sourceTree = "<group>"; };
		529BEE3022472FFD007C6568 /* NSDictionary+Additions.m */ = {isa = PBXFileReference; fileEncoding = 4; lastKnownFileType = sourcecode.c.objc; path = "NSDictionary+Additions.m"; sourceTree = "<group>"; };
		529BEE3122472FFD007C6568 /* NSColor+Hex.m */ = {isa = PBXFileReference; fileEncoding = 4; lastKnownFileType = sourcecode.c.objc; path = "NSColor+Hex.m"; sourceTree = "<group>"; };
		529BEE3222472FFD007C6568 /* NSString+Utility.m */ = {isa = PBXFileReference; fileEncoding = 4; lastKnownFileType = sourcecode.c.objc; path = "NSString+Utility.m"; sourceTree = "<group>"; };
		529BEE3322472FFD007C6568 /* NSBundle+OBCodeSigningInfo.m */ = {isa = PBXFileReference; fileEncoding = 4; lastKnownFileType = sourcecode.c.objc; path = "NSBundle+OBCodeSigningInfo.m"; sourceTree = "<group>"; };
		529BEE3422472FFD007C6568 /* NSString+HTML.h */ = {isa = PBXFileReference; fileEncoding = 4; lastKnownFileType = sourcecode.c.h; path = "NSString+HTML.h"; sourceTree = "<group>"; };
		529BEE3522472FFD007C6568 /* NSDictionary+Additions.h */ = {isa = PBXFileReference; fileEncoding = 4; lastKnownFileType = sourcecode.c.h; path = "NSDictionary+Additions.h"; sourceTree = "<group>"; };
		529BEE3622472FFD007C6568 /* NSView+Image.h */ = {isa = PBXFileReference; fileEncoding = 4; lastKnownFileType = sourcecode.c.h; path = "NSView+Image.h"; sourceTree = "<group>"; };
		529BEE3722472FFD007C6568 /* NSString+Utility.h */ = {isa = PBXFileReference; fileEncoding = 4; lastKnownFileType = sourcecode.c.h; path = "NSString+Utility.h"; sourceTree = "<group>"; };
		529BEE3822472FFD007C6568 /* NSColor+Hex.h */ = {isa = PBXFileReference; fileEncoding = 4; lastKnownFileType = sourcecode.c.h; path = "NSColor+Hex.h"; sourceTree = "<group>"; };
		529BEE3922472FFD007C6568 /* NSString+HTML.m */ = {isa = PBXFileReference; fileEncoding = 4; lastKnownFileType = sourcecode.c.objc; path = "NSString+HTML.m"; sourceTree = "<group>"; };
		529BEE3A22472FFD007C6568 /* NSBundle+OBCodeSigningInfo.h */ = {isa = PBXFileReference; fileEncoding = 4; lastKnownFileType = sourcecode.c.h; path = "NSBundle+OBCodeSigningInfo.h"; sourceTree = "<group>"; };
		529BEE4122473096007C6568 /* IOKit.framework */ = {isa = PBXFileReference; lastKnownFileType = wrapper.framework; name = IOKit.framework; path = System/Library/Frameworks/IOKit.framework; sourceTree = SDKROOT; };
		529BEE4322473165007C6568 /* AppKit.framework */ = {isa = PBXFileReference; lastKnownFileType = wrapper.framework; name = AppKit.framework; path = System/Library/Frameworks/AppKit.framework; sourceTree = SDKROOT; };
		529BEE4922473248007C6568 /* ChatListViewController.m */ = {isa = PBXFileReference; fileEncoding = 4; lastKnownFileType = sourcecode.c.objc; path = ChatListViewController.m; sourceTree = "<group>"; };
		529BEE4A22473248007C6568 /* ChatListViewController.xib */ = {isa = PBXFileReference; fileEncoding = 4; lastKnownFileType = file.xib; path = ChatListViewController.xib; sourceTree = "<group>"; };
		529BEE4B22473248007C6568 /* ChatListViewController.h */ = {isa = PBXFileReference; fileEncoding = 4; lastKnownFileType = sourcecode.c.h; path = ChatListViewController.h; sourceTree = "<group>"; };
		529BEE4E22473368007C6568 /* Log.h */ = {isa = PBXFileReference; fileEncoding = 4; lastKnownFileType = sourcecode.c.h; path = Log.h; sourceTree = "<group>"; };
		529BEE4F22473664007C6568 /* MainWindowController.h */ = {isa = PBXFileReference; lastKnownFileType = sourcecode.c.h; path = MainWindowController.h; sourceTree = "<group>"; };
		529BEE5022473664007C6568 /* MainWindowController.m */ = {isa = PBXFileReference; lastKnownFileType = sourcecode.c.objc; path = MainWindowController.m; sourceTree = "<group>"; };
		529BEE5122473664007C6568 /* MainWindowController.xib */ = {isa = PBXFileReference; lastKnownFileType = file.xib; path = MainWindowController.xib; sourceTree = "<group>"; };
		529BEE54224737F3007C6568 /* MainMenu.xib */ = {isa = PBXFileReference; fileEncoding = 4; lastKnownFileType = file.xib; path = MainMenu.xib; sourceTree = "<group>"; };
		529BEE5722477ED4007C6568 /* ChatListViewCell.h */ = {isa = PBXFileReference; lastKnownFileType = sourcecode.c.h; path = ChatListViewCell.h; sourceTree = "<group>"; };
		529BEE5822477ED4007C6568 /* ChatListViewCell.m */ = {isa = PBXFileReference; lastKnownFileType = sourcecode.c.objc; path = ChatListViewCell.m; sourceTree = "<group>"; };
		529D2C01224A2C44005D19A5 /* ChatMessageCell.h */ = {isa = PBXFileReference; lastKnownFileType = sourcecode.c.h; path = ChatMessageCell.h; sourceTree = "<group>"; };
		529D2C02224A2C44005D19A5 /* ChatMessageCell.m */ = {isa = PBXFileReference; lastKnownFileType = sourcecode.c.objc; path = ChatMessageCell.m; sourceTree = "<group>"; };
		529D2C0D224A307A005D19A5 /* LoginWindowController.m */ = {isa = PBXFileReference; fileEncoding = 4; lastKnownFileType = sourcecode.c.objc; path = LoginWindowController.m; sourceTree = "<group>"; };
		529D2C0E224A307A005D19A5 /* LoginWindowController.xib */ = {isa = PBXFileReference; fileEncoding = 4; lastKnownFileType = file.xib; path = LoginWindowController.xib; sourceTree = "<group>"; };
		529D2C0F224A307A005D19A5 /* LoginWindowController.h */ = {isa = PBXFileReference; fileEncoding = 4; lastKnownFileType = sourcecode.c.h; path = LoginWindowController.h; sourceTree = "<group>"; };
		52F914552268509F002E912F /* Protocols.h */ = {isa = PBXFileReference; lastKnownFileType = sourcecode.c.h; path = Protocols.h; sourceTree = "<group>"; };
		52F9145722685383002E912F /* ContactDetailViewController.h */ = {isa = PBXFileReference; lastKnownFileType = sourcecode.c.h; path = ContactDetailViewController.h; sourceTree = "<group>"; };
		52F9145822685383002E912F /* ContactDetailViewController.m */ = {isa = PBXFileReference; lastKnownFileType = sourcecode.c.objc; path = ContactDetailViewController.m; sourceTree = "<group>"; };
		52F9145922685383002E912F /* ContactDetailViewController.xib */ = {isa = PBXFileReference; lastKnownFileType = file.xib; path = ContactDetailViewController.xib; sourceTree = "<group>"; };
		E9BBC3962242B57E00E6ACDA /* Sechat.app */ = {isa = PBXFileReference; explicitFileType = wrapper.application; includeInIndex = 0; path = Sechat.app; sourceTree = BUILT_PRODUCTS_DIR; };
		E9BBC3992242B57E00E6ACDA /* AppDelegate.h */ = {isa = PBXFileReference; lastKnownFileType = sourcecode.c.h; path = AppDelegate.h; sourceTree = "<group>"; };
		E9BBC39A2242B57E00E6ACDA /* AppDelegate.m */ = {isa = PBXFileReference; lastKnownFileType = sourcecode.c.objc; path = AppDelegate.m; sourceTree = "<group>"; };
		E9BBC39F2242B57F00E6ACDA /* Assets.xcassets */ = {isa = PBXFileReference; lastKnownFileType = folder.assetcatalog; path = Assets.xcassets; sourceTree = "<group>"; };
		E9BBC3A42242B57F00E6ACDA /* Info.plist */ = {isa = PBXFileReference; lastKnownFileType = text.plist.xml; path = Info.plist; sourceTree = "<group>"; };
		E9BBC3A52242B57F00E6ACDA /* main.m */ = {isa = PBXFileReference; lastKnownFileType = sourcecode.c.objc; path = main.m; sourceTree = "<group>"; };
		E9BBC3A72242B57F00E6ACDA /* Sechat.entitlements */ = {isa = PBXFileReference; lastKnownFileType = text.plist.entitlements; path = Sechat.entitlements; sourceTree = "<group>"; };
		E9BBC3AC2242B58000E6ACDA /* SechatTests.xctest */ = {isa = PBXFileReference; explicitFileType = wrapper.cfbundle; includeInIndex = 0; path = SechatTests.xctest; sourceTree = BUILT_PRODUCTS_DIR; };
		E9BBC3B02242B58000E6ACDA /* SechatTests.m */ = {isa = PBXFileReference; lastKnownFileType = sourcecode.c.objc; path = SechatTests.m; sourceTree = "<group>"; };
		E9BBC3B22242B58000E6ACDA /* Info.plist */ = {isa = PBXFileReference; lastKnownFileType = text.plist.xml; path = Info.plist; sourceTree = "<group>"; };
		E9BBC3B72242B58000E6ACDA /* SechatUITests.xctest */ = {isa = PBXFileReference; explicitFileType = wrapper.cfbundle; includeInIndex = 0; path = SechatUITests.xctest; sourceTree = BUILT_PRODUCTS_DIR; };
		E9BBC3BB2242B58000E6ACDA /* SechatUITests.m */ = {isa = PBXFileReference; lastKnownFileType = sourcecode.c.objc; path = SechatUITests.m; sourceTree = "<group>"; };
		E9BBC3BD2242B58000E6ACDA /* Info.plist */ = {isa = PBXFileReference; lastKnownFileType = text.plist.xml; path = Info.plist; sourceTree = "<group>"; };
		E9BBC3D92242B6C500E6ACDA /* gsp.plist */ = {isa = PBXFileReference; fileEncoding = 4; lastKnownFileType = text.plist.xml; path = gsp.plist; sourceTree = "<group>"; };
		E9BBC3DC2242B6F600E6ACDA /* MessageProcessor.h */ = {isa = PBXFileReference; fileEncoding = 4; lastKnownFileType = sourcecode.c.h; path = MessageProcessor.h; sourceTree = "<group>"; };
		E9BBC3DD2242B6F600E6ACDA /* Facebook+Register.m */ = {isa = PBXFileReference; fileEncoding = 4; lastKnownFileType = sourcecode.c.objc; path = "Facebook+Register.m"; sourceTree = "<group>"; };
		E9BBC3DE2242B6F600E6ACDA /* User.m */ = {isa = PBXFileReference; fileEncoding = 4; lastKnownFileType = sourcecode.c.objc; path = User.m; sourceTree = "<group>"; };
		E9BBC3DF2242B6F600E6ACDA /* Facebook.h */ = {isa = PBXFileReference; fileEncoding = 4; lastKnownFileType = sourcecode.c.h; path = Facebook.h; sourceTree = "<group>"; };
		E9BBC3E02242B6F600E6ACDA /* MessageProcessor+GroupCommand.m */ = {isa = PBXFileReference; fileEncoding = 4; lastKnownFileType = sourcecode.c.objc; path = "MessageProcessor+GroupCommand.m"; sourceTree = "<group>"; };
		E9BBC3E12242B6F600E6ACDA /* MessageProcessor.m */ = {isa = PBXFileReference; fileEncoding = 4; lastKnownFileType = sourcecode.c.objc; path = MessageProcessor.m; sourceTree = "<group>"; };
		E9BBC3E22242B6F600E6ACDA /* User.h */ = {isa = PBXFileReference; fileEncoding = 4; lastKnownFileType = sourcecode.c.h; path = User.h; sourceTree = "<group>"; };
		E9BBC3E32242B6F600E6ACDA /* Facebook+Register.h */ = {isa = PBXFileReference; fileEncoding = 4; lastKnownFileType = sourcecode.c.h; path = "Facebook+Register.h"; sourceTree = "<group>"; };
		E9BBC3E42242B6F600E6ACDA /* MessageProcessor+GroupCommand.h */ = {isa = PBXFileReference; fileEncoding = 4; lastKnownFileType = sourcecode.c.h; path = "MessageProcessor+GroupCommand.h"; sourceTree = "<group>"; };
		E9BBC3E52242B6F600E6ACDA /* Facebook.m */ = {isa = PBXFileReference; fileEncoding = 4; lastKnownFileType = sourcecode.c.objc; path = Facebook.m; sourceTree = "<group>"; };
		E9BBC4342242BC5800E6ACDA /* Client.h */ = {isa = PBXFileReference; fileEncoding = 4; lastKnownFileType = sourcecode.c.h; path = Client.h; sourceTree = "<group>"; };
		E9BBC4352242BC5800E6ACDA /* Client.m */ = {isa = PBXFileReference; fileEncoding = 4; lastKnownFileType = sourcecode.c.objc; path = Client.m; sourceTree = "<group>"; };
		E9BBC4662242C0A700E6ACDA /* DIMClient.xcodeproj */ = {isa = PBXFileReference; lastKnownFileType = "wrapper.pb-project"; name = DIMClient.xcodeproj; path = "../../client-objc/DIMClient-Mac/DIMClient.xcodeproj"; sourceTree = "<group>"; };
		E9BBC4772242C10700E6ACDA /* DIMCore.framework */ = {isa = PBXFileReference; explicitFileType = wrapper.framework; path = DIMCore.framework; sourceTree = BUILT_PRODUCTS_DIR; };
		E9BBC4792242C10F00E6ACDA /* DaoKeDao.framework */ = {isa = PBXFileReference; explicitFileType = wrapper.framework; path = DaoKeDao.framework; sourceTree = BUILT_PRODUCTS_DIR; };
		E9BBC47B2242C11300E6ACDA /* MingKeMing.framework */ = {isa = PBXFileReference; explicitFileType = wrapper.framework; path = MingKeMing.framework; sourceTree = BUILT_PRODUCTS_DIR; };
		E9BBC47D2242C11600E6ACDA /* MarsGate.framework */ = {isa = PBXFileReference; explicitFileType = wrapper.framework; path = MarsGate.framework; sourceTree = BUILT_PRODUCTS_DIR; };
		E9BBC47F2242C11900E6ACDA /* FiniteStateMachine.framework */ = {isa = PBXFileReference; explicitFileType = wrapper.framework; path = FiniteStateMachine.framework; sourceTree = BUILT_PRODUCTS_DIR; };
/* End PBXFileReference section */

/* Begin PBXFrameworksBuildPhase section */
		E9BBC3932242B57E00E6ACDA /* Frameworks */ = {
			isa = PBXFrameworksBuildPhase;
			buildActionMask = 2147483647;
			files = (
				529BEE4422473165007C6568 /* AppKit.framework in Frameworks */,
				529BEE4222473096007C6568 /* IOKit.framework in Frameworks */,
				E9BBC4972242C59300E6ACDA /* MingKeMing.framework in Frameworks */,
				E9BBC4952242C58D00E6ACDA /* DaoKeDao.framework in Frameworks */,
				E9BBC49B2242C5B200E6ACDA /* MarsGate.framework in Frameworks */,
				E9BBC49D2242C5BA00E6ACDA /* FiniteStateMachine.framework in Frameworks */,
				E9BBC49F2242C5C500E6ACDA /* DIMClient.framework in Frameworks */,
				E9BBC4992242C59900E6ACDA /* DIMCore.framework in Frameworks */,
			);
			runOnlyForDeploymentPostprocessing = 0;
		};
		E9BBC3A92242B58000E6ACDA /* Frameworks */ = {
			isa = PBXFrameworksBuildPhase;
			buildActionMask = 2147483647;
			files = (
			);
			runOnlyForDeploymentPostprocessing = 0;
		};
		E9BBC3B42242B58000E6ACDA /* Frameworks */ = {
			isa = PBXFrameworksBuildPhase;
			buildActionMask = 2147483647;
			files = (
			);
			runOnlyForDeploymentPostprocessing = 0;
		};
/* End PBXFrameworksBuildPhase section */

/* Begin PBXGroup section */
		52531B9E2264689700B70E07 /* Extends */ = {
			isa = PBXGroup;
			children = (
				52531B9F2264689700B70E07 /* DIMProfile+Extension.h */,
				52531BA32264689700B70E07 /* DIMProfile+Extension.m */,
				52531BA02264689700B70E07 /* NSString+Extension.h */,
				52531BA52264689700B70E07 /* NSString+Extension.m */,
				52531BA62264689700B70E07 /* UIImage+Extension.h */,
				52531BA22264689700B70E07 /* UIImage+Extension.m */,
			);
			path = Extends;
			sourceTree = "<group>";
		};
		529BEE2822472FAA007C6568 /* Modules */ = {
			isa = PBXGroup;
			children = (
				52531B9E2264689700B70E07 /* Extends */,
				529BEE4E22473368007C6568 /* Log.h */,
				529BEE2E22472FFD007C6568 /* Additions */,
				529BEE2922472FAA007C6568 /* System */,
			);
			path = Modules;
			sourceTree = "<group>";
		};
		529BEE2922472FAA007C6568 /* System */ = {
			isa = PBXGroup;
			children = (
				529BEE2B22472FAA007C6568 /* SystemUtility.h */,
				529BEE2A22472FAA007C6568 /* SystemUtility.m */,
			);
			path = System;
			sourceTree = "<group>";
		};
		529BEE2E22472FFD007C6568 /* Additions */ = {
			isa = PBXGroup;
			children = (
				529BEE3622472FFD007C6568 /* NSView+Image.h */,
				529BEE2F22472FFD007C6568 /* NSView+Image.m */,
				529BEE3522472FFD007C6568 /* NSDictionary+Additions.h */,
				529BEE3022472FFD007C6568 /* NSDictionary+Additions.m */,
				529BEE3822472FFD007C6568 /* NSColor+Hex.h */,
				529BEE3122472FFD007C6568 /* NSColor+Hex.m */,
				529BEE3722472FFD007C6568 /* NSString+Utility.h */,
				529BEE3222472FFD007C6568 /* NSString+Utility.m */,
				529BEE3A22472FFD007C6568 /* NSBundle+OBCodeSigningInfo.h */,
				529BEE3322472FFD007C6568 /* NSBundle+OBCodeSigningInfo.m */,
				529BEE3422472FFD007C6568 /* NSString+HTML.h */,
				529BEE3922472FFD007C6568 /* NSString+HTML.m */,
			);
			path = Additions;
			sourceTree = "<group>";
		};
		529BEE4522473248007C6568 /* ViewControllers */ = {
			isa = PBXGroup;
			children = (
				529D2C0C224A307A005D19A5 /* Login */,
				529BEE4622473248007C6568 /* Settings */,
				529BEE4722473248007C6568 /* Contact */,
				529BEE4822473248007C6568 /* Chat */,
			);
			path = ViewControllers;
			sourceTree = "<group>";
		};
		529BEE4622473248007C6568 /* Settings */ = {
			isa = PBXGroup;
			children = (
			);
			path = Settings;
			sourceTree = "<group>";
		};
		529BEE4722473248007C6568 /* Contact */ = {
			isa = PBXGroup;
			children = (
				522AFDAB2265CBBB003EDA9C /* ContactListViewCell.h */,
				522AFDA92265CBBB003EDA9C /* ContactListViewCell.m */,
				52531BB22264776D00B70E07 /* ContactListViewController.h */,
				52531BB32264776D00B70E07 /* ContactListViewController.m */,
				52531BB42264776D00B70E07 /* ContactListViewController.xib */,
				52F9145722685383002E912F /* ContactDetailViewController.h */,
				52F9145822685383002E912F /* ContactDetailViewController.m */,
				52F9145922685383002E912F /* ContactDetailViewController.xib */,
			);
			path = Contact;
			sourceTree = "<group>";
		};
		529BEE4822473248007C6568 /* Chat */ = {
			isa = PBXGroup;
			children = (
				528B49972247D8B1009519F9 /* ChatDetailViewController.h */,
				528B49992247D8B1009519F9 /* ChatDetailViewController.m */,
				528B49982247D8B1009519F9 /* ChatDetailViewController.xib */,
				529D2C01224A2C44005D19A5 /* ChatMessageCell.h */,
				529D2C02224A2C44005D19A5 /* ChatMessageCell.m */,
				529BEE4B22473248007C6568 /* ChatListViewController.h */,
				529BEE4922473248007C6568 /* ChatListViewController.m */,
				529BEE4A22473248007C6568 /* ChatListViewController.xib */,
				529BEE5722477ED4007C6568 /* ChatListViewCell.h */,
				529BEE5822477ED4007C6568 /* ChatListViewCell.m */,
			);
			path = Chat;
			sourceTree = "<group>";
		};
		529D2C0C224A307A005D19A5 /* Login */ = {
			isa = PBXGroup;
			children = (
				529D2C0F224A307A005D19A5 /* LoginWindowController.h */,
				529D2C0D224A307A005D19A5 /* LoginWindowController.m */,
				529D2C0E224A307A005D19A5 /* LoginWindowController.xib */,
			);
			path = Login;
			sourceTree = "<group>";
		};
		E9BBC38D2242B57E00E6ACDA = {
			isa = PBXGroup;
			children = (
				E9BBC4662242C0A700E6ACDA /* DIMClient.xcodeproj */,
				E9BBC3C92242B5F200E6ACDA /* Classes */,
				E9BBC3CA2242B5F200E6ACDA /* Resources */,
				E9BBC3982242B57E00E6ACDA /* Sechat */,
				E9BBC3AF2242B58000E6ACDA /* SechatTests */,
				E9BBC3BA2242B58000E6ACDA /* SechatUITests */,
				E9BBC3972242B57E00E6ACDA /* Products */,
				E9BBC3FF2242B7B500E6ACDA /* Frameworks */,
			);
			sourceTree = "<group>";
		};
		E9BBC3972242B57E00E6ACDA /* Products */ = {
			isa = PBXGroup;
			children = (
				E9BBC3962242B57E00E6ACDA /* Sechat.app */,
				E9BBC3AC2242B58000E6ACDA /* SechatTests.xctest */,
				E9BBC3B72242B58000E6ACDA /* SechatUITests.xctest */,
			);
			name = Products;
			sourceTree = "<group>";
		};
		E9BBC3982242B57E00E6ACDA /* Sechat */ = {
			isa = PBXGroup;
			children = (
				52181AA2226186610095FEEB /* BaseWindowController.h */,
				52181AA4226186610095FEEB /* BaseWindowController.m */,
				E9BBC3992242B57E00E6ACDA /* AppDelegate.h */,
				E9BBC39A2242B57E00E6ACDA /* AppDelegate.m */,
				529BEE4F22473664007C6568 /* MainWindowController.h */,
				529BEE5022473664007C6568 /* MainWindowController.m */,
				529BEE5122473664007C6568 /* MainWindowController.xib */,
				529BEE54224737F3007C6568 /* MainMenu.xib */,
				E9BBC39F2242B57F00E6ACDA /* Assets.xcassets */,
				E9BBC3A42242B57F00E6ACDA /* Info.plist */,
				E9BBC3A52242B57F00E6ACDA /* main.m */,
				E9BBC3A72242B57F00E6ACDA /* Sechat.entitlements */,
			);
			path = Sechat;
			sourceTree = "<group>";
		};
		E9BBC3AF2242B58000E6ACDA /* SechatTests */ = {
			isa = PBXGroup;
			children = (
				E9BBC3B02242B58000E6ACDA /* SechatTests.m */,
				E9BBC3B22242B58000E6ACDA /* Info.plist */,
			);
			path = SechatTests;
			sourceTree = "<group>";
		};
		E9BBC3BA2242B58000E6ACDA /* SechatUITests */ = {
			isa = PBXGroup;
			children = (
				E9BBC3BB2242B58000E6ACDA /* SechatUITests.m */,
				E9BBC3BD2242B58000E6ACDA /* Info.plist */,
			);
			path = SechatUITests;
			sourceTree = "<group>";
		};
		E9BBC3C92242B5F200E6ACDA /* Classes */ = {
			isa = PBXGroup;
			children = (
				529BEE4522473248007C6568 /* ViewControllers */,
				529BEE2822472FAA007C6568 /* Modules */,
				E9BBC3DB2242B6F600E6ACDA /* Models */,
				E9BBC4342242BC5800E6ACDA /* Client.h */,
				E9BBC4352242BC5800E6ACDA /* Client.m */,
				52F914552268509F002E912F /* Protocols.h */,
			);
			name = Classes;
			path = ../Classes;
			sourceTree = "<group>";
		};
		E9BBC3CA2242B5F200E6ACDA /* Resources */ = {
			isa = PBXGroup;
			children = (
				E9BBC3D92242B6C500E6ACDA /* gsp.plist */,
			);
			name = Resources;
			path = ../Resources;
			sourceTree = "<group>";
		};
		E9BBC3DB2242B6F600E6ACDA /* Models */ = {
			isa = PBXGroup;
			children = (
				E9BBC3DF2242B6F600E6ACDA /* Facebook.h */,
				E9BBC3E52242B6F600E6ACDA /* Facebook.m */,
				E9BBC3E32242B6F600E6ACDA /* Facebook+Register.h */,
				E9BBC3DD2242B6F600E6ACDA /* Facebook+Register.m */,
				E9BBC3DC2242B6F600E6ACDA /* MessageProcessor.h */,
				E9BBC3E12242B6F600E6ACDA /* MessageProcessor.m */,
				E9BBC3E42242B6F600E6ACDA /* MessageProcessor+GroupCommand.h */,
				E9BBC3E02242B6F600E6ACDA /* MessageProcessor+GroupCommand.m */,
				E9BBC3E22242B6F600E6ACDA /* User.h */,
				E9BBC3DE2242B6F600E6ACDA /* User.m */,
			);
			path = Models;
			sourceTree = "<group>";
		};
		E9BBC3FF2242B7B500E6ACDA /* Frameworks */ = {
			isa = PBXGroup;
			children = (
				529BEE4322473165007C6568 /* AppKit.framework */,
				529BEE4122473096007C6568 /* IOKit.framework */,
				E9BBC47F2242C11900E6ACDA /* FiniteStateMachine.framework */,
				E9BBC47D2242C11600E6ACDA /* MarsGate.framework */,
				E9BBC47B2242C11300E6ACDA /* MingKeMing.framework */,
				E9BBC4792242C10F00E6ACDA /* DaoKeDao.framework */,
				E9BBC4772242C10700E6ACDA /* DIMCore.framework */,
			);
			name = Frameworks;
			sourceTree = "<group>";
		};
		E9BBC4672242C0A700E6ACDA /* Products */ = {
			isa = PBXGroup;
			children = (
				E9BBC4712242C0A700E6ACDA /* DIMClient.framework */,
				E9BBC4732242C0A700E6ACDA /* DIMClientTests.xctest */,
			);
			name = Products;
			sourceTree = "<group>";
		};
/* End PBXGroup section */

/* Begin PBXNativeTarget section */
		E9BBC3952242B57E00E6ACDA /* Sechat */ = {
			isa = PBXNativeTarget;
			buildConfigurationList = E9BBC3C02242B58000E6ACDA /* Build configuration list for PBXNativeTarget "Sechat" */;
			buildPhases = (
				E9BBC3922242B57E00E6ACDA /* Sources */,
				E9BBC3932242B57E00E6ACDA /* Frameworks */,
				E9BBC3942242B57E00E6ACDA /* Resources */,
				E9BBC40F2242B80E00E6ACDA /* Embed Frameworks */,
			);
			buildRules = (
			);
			dependencies = (
				E9BBC4762242C0F300E6ACDA /* PBXTargetDependency */,
				E9BBC4942242C53300E6ACDA /* PBXTargetDependency */,
				E9BBC4A22242C5C500E6ACDA /* PBXTargetDependency */,
			);
			name = Sechat;
			productName = Sechat;
			productReference = E9BBC3962242B57E00E6ACDA /* Sechat.app */;
			productType = "com.apple.product-type.application";
		};
		E9BBC3AB2242B58000E6ACDA /* SechatTests */ = {
			isa = PBXNativeTarget;
			buildConfigurationList = E9BBC3C32242B58000E6ACDA /* Build configuration list for PBXNativeTarget "SechatTests" */;
			buildPhases = (
				E9BBC3A82242B58000E6ACDA /* Sources */,
				E9BBC3A92242B58000E6ACDA /* Frameworks */,
				E9BBC3AA2242B58000E6ACDA /* Resources */,
			);
			buildRules = (
			);
			dependencies = (
				E9BBC3AE2242B58000E6ACDA /* PBXTargetDependency */,
			);
			name = SechatTests;
			productName = SechatTests;
			productReference = E9BBC3AC2242B58000E6ACDA /* SechatTests.xctest */;
			productType = "com.apple.product-type.bundle.unit-test";
		};
		E9BBC3B62242B58000E6ACDA /* SechatUITests */ = {
			isa = PBXNativeTarget;
			buildConfigurationList = E9BBC3C62242B58000E6ACDA /* Build configuration list for PBXNativeTarget "SechatUITests" */;
			buildPhases = (
				E9BBC3B32242B58000E6ACDA /* Sources */,
				E9BBC3B42242B58000E6ACDA /* Frameworks */,
				E9BBC3B52242B58000E6ACDA /* Resources */,
			);
			buildRules = (
			);
			dependencies = (
				E9BBC3B92242B58000E6ACDA /* PBXTargetDependency */,
			);
			name = SechatUITests;
			productName = SechatUITests;
			productReference = E9BBC3B72242B58000E6ACDA /* SechatUITests.xctest */;
			productType = "com.apple.product-type.bundle.ui-testing";
		};
/* End PBXNativeTarget section */

/* Begin PBXProject section */
		E9BBC38E2242B57E00E6ACDA /* Project object */ = {
			isa = PBXProject;
			attributes = {
				LastUpgradeCheck = 1010;
				ORGANIZATIONNAME = "DIM Group";
				TargetAttributes = {
					E9BBC3952242B57E00E6ACDA = {
						CreatedOnToolsVersion = 10.1;
						SystemCapabilities = {
							com.apple.Keychain = {
								enabled = 1;
							};
							com.apple.NetworkExtensions = {
								enabled = 0;
							};
						};
					};
					E9BBC3AB2242B58000E6ACDA = {
						CreatedOnToolsVersion = 10.1;
						TestTargetID = E9BBC3952242B57E00E6ACDA;
					};
					E9BBC3B62242B58000E6ACDA = {
						CreatedOnToolsVersion = 10.1;
						TestTargetID = E9BBC3952242B57E00E6ACDA;
					};
				};
			};
			buildConfigurationList = E9BBC3912242B57E00E6ACDA /* Build configuration list for PBXProject "Sechat" */;
			compatibilityVersion = "Xcode 9.3";
			developmentRegion = en;
			hasScannedForEncodings = 0;
			knownRegions = (
				en,
				Base,
			);
			mainGroup = E9BBC38D2242B57E00E6ACDA;
			productRefGroup = E9BBC3972242B57E00E6ACDA /* Products */;
			projectDirPath = "";
			projectReferences = (
				{
					ProductGroup = E9BBC4672242C0A700E6ACDA /* Products */;
					ProjectRef = E9BBC4662242C0A700E6ACDA /* DIMClient.xcodeproj */;
				},
			);
			projectRoot = "";
			targets = (
				E9BBC3952242B57E00E6ACDA /* Sechat */,
				E9BBC3AB2242B58000E6ACDA /* SechatTests */,
				E9BBC3B62242B58000E6ACDA /* SechatUITests */,
			);
		};
/* End PBXProject section */

/* Begin PBXReferenceProxy section */
		E9BBC4712242C0A700E6ACDA /* DIMClient.framework */ = {
			isa = PBXReferenceProxy;
			fileType = wrapper.framework;
			path = DIMClient.framework;
			remoteRef = E9BBC4702242C0A700E6ACDA /* PBXContainerItemProxy */;
			sourceTree = BUILT_PRODUCTS_DIR;
		};
		E9BBC4732242C0A700E6ACDA /* DIMClientTests.xctest */ = {
			isa = PBXReferenceProxy;
			fileType = wrapper.cfbundle;
			path = DIMClientTests.xctest;
			remoteRef = E9BBC4722242C0A700E6ACDA /* PBXContainerItemProxy */;
			sourceTree = BUILT_PRODUCTS_DIR;
		};
/* End PBXReferenceProxy section */

/* Begin PBXResourcesBuildPhase section */
		E9BBC3942242B57E00E6ACDA /* Resources */ = {
			isa = PBXResourcesBuildPhase;
			buildActionMask = 2147483647;
			files = (
				E9BBC3DA2242B6C500E6ACDA /* gsp.plist in Resources */,
				529BEE55224737F3007C6568 /* MainMenu.xib in Resources */,
				E9BBC3A02242B57F00E6ACDA /* Assets.xcassets in Resources */,
				528B499A2247D8B1009519F9 /* ChatDetailViewController.xib in Resources */,
				52F9145B22685383002E912F /* ContactDetailViewController.xib in Resources */,
				529BEE4D22473248007C6568 /* ChatListViewController.xib in Resources */,
				52531BB62264776D00B70E07 /* ContactListViewController.xib in Resources */,
				529BEE5322473664007C6568 /* MainWindowController.xib in Resources */,
				529D2C11224A307A005D19A5 /* LoginWindowController.xib in Resources */,
			);
			runOnlyForDeploymentPostprocessing = 0;
		};
		E9BBC3AA2242B58000E6ACDA /* Resources */ = {
			isa = PBXResourcesBuildPhase;
			buildActionMask = 2147483647;
			files = (
			);
			runOnlyForDeploymentPostprocessing = 0;
		};
		E9BBC3B52242B58000E6ACDA /* Resources */ = {
			isa = PBXResourcesBuildPhase;
			buildActionMask = 2147483647;
			files = (
			);
			runOnlyForDeploymentPostprocessing = 0;
		};
/* End PBXResourcesBuildPhase section */

/* Begin PBXSourcesBuildPhase section */
		E9BBC3922242B57E00E6ACDA /* Sources */ = {
			isa = PBXSourcesBuildPhase;
			buildActionMask = 2147483647;
			files = (
				529BEE3E22472FFD007C6568 /* NSString+Utility.m in Sources */,
				529D2C03224A2C44005D19A5 /* ChatMessageCell.m in Sources */,
				529BEE3F22472FFD007C6568 /* NSBundle+OBCodeSigningInfo.m in Sources */,
				529BEE4022472FFD007C6568 /* NSString+HTML.m in Sources */,
				52531BA92264689700B70E07 /* DIMProfile+Extension.m in Sources */,
				529BEE3C22472FFD007C6568 /* NSDictionary+Additions.m in Sources */,
				528B499B2247D8B1009519F9 /* ChatDetailViewController.m in Sources */,
				E9BBC3E72242B6F600E6ACDA /* User.m in Sources */,
				529BEE4C22473248007C6568 /* ChatListViewController.m in Sources */,
				529BEE5922477ED4007C6568 /* ChatListViewCell.m in Sources */,
				529BEE5222473664007C6568 /* MainWindowController.m in Sources */,
				E9BBC3E62242B6F600E6ACDA /* Facebook+Register.m in Sources */,
				529BEE2D22472FAA007C6568 /* SystemUtility.m in Sources */,
				E9BBC3A62242B57F00E6ACDA /* main.m in Sources */,
				529BEE3D22472FFD007C6568 /* NSColor+Hex.m in Sources */,
				52531BB52264776D00B70E07 /* ContactListViewController.m in Sources */,
				52181AA5226186610095FEEB /* BaseWindowController.m in Sources */,
				52531BA82264689700B70E07 /* UIImage+Extension.m in Sources */,
				522AFDAC2265CBBB003EDA9C /* ContactListViewCell.m in Sources */,
				E9BBC3E82242B6F600E6ACDA /* MessageProcessor+GroupCommand.m in Sources */,
				52531BAB2264689700B70E07 /* NSString+Extension.m in Sources */,
				E9BBC4362242BC5800E6ACDA /* Client.m in Sources */,
				52F9145A22685383002E912F /* ContactDetailViewController.m in Sources */,
				E9BBC3E92242B6F600E6ACDA /* MessageProcessor.m in Sources */,
				E9BBC39B2242B57E00E6ACDA /* AppDelegate.m in Sources */,
				529D2C10224A307A005D19A5 /* LoginWindowController.m in Sources */,
				E9BBC3EA2242B6F600E6ACDA /* Facebook.m in Sources */,
				529BEE3B22472FFD007C6568 /* NSView+Image.m in Sources */,
			);
			runOnlyForDeploymentPostprocessing = 0;
		};
		E9BBC3A82242B58000E6ACDA /* Sources */ = {
			isa = PBXSourcesBuildPhase;
			buildActionMask = 2147483647;
			files = (
				E9BBC3B12242B58000E6ACDA /* SechatTests.m in Sources */,
			);
			runOnlyForDeploymentPostprocessing = 0;
		};
		E9BBC3B32242B58000E6ACDA /* Sources */ = {
			isa = PBXSourcesBuildPhase;
			buildActionMask = 2147483647;
			files = (
				E9BBC3BC2242B58000E6ACDA /* SechatUITests.m in Sources */,
			);
			runOnlyForDeploymentPostprocessing = 0;
		};
/* End PBXSourcesBuildPhase section */

/* Begin PBXTargetDependency section */
		E9BBC3AE2242B58000E6ACDA /* PBXTargetDependency */ = {
			isa = PBXTargetDependency;
			target = E9BBC3952242B57E00E6ACDA /* Sechat */;
			targetProxy = E9BBC3AD2242B58000E6ACDA /* PBXContainerItemProxy */;
		};
		E9BBC3B92242B58000E6ACDA /* PBXTargetDependency */ = {
			isa = PBXTargetDependency;
			target = E9BBC3952242B57E00E6ACDA /* Sechat */;
			targetProxy = E9BBC3B82242B58000E6ACDA /* PBXContainerItemProxy */;
		};
		E9BBC4762242C0F300E6ACDA /* PBXTargetDependency */ = {
			isa = PBXTargetDependency;
			name = DIMClient;
			targetProxy = E9BBC4752242C0F300E6ACDA /* PBXContainerItemProxy */;
		};
		E9BBC4942242C53300E6ACDA /* PBXTargetDependency */ = {
			isa = PBXTargetDependency;
			name = DIMClient;
			targetProxy = E9BBC4932242C53300E6ACDA /* PBXContainerItemProxy */;
		};
		E9BBC4A22242C5C500E6ACDA /* PBXTargetDependency */ = {
			isa = PBXTargetDependency;
			name = DIMClient;
			targetProxy = E9BBC4A12242C5C500E6ACDA /* PBXContainerItemProxy */;
		};
/* End PBXTargetDependency section */

/* Begin XCBuildConfiguration section */
		E9BBC3BE2242B58000E6ACDA /* Debug */ = {
			isa = XCBuildConfiguration;
			buildSettings = {
				ALWAYS_SEARCH_USER_PATHS = NO;
				CLANG_ANALYZER_NONNULL = YES;
				CLANG_ANALYZER_NUMBER_OBJECT_CONVERSION = YES_AGGRESSIVE;
				CLANG_CXX_LANGUAGE_STANDARD = "gnu++14";
				CLANG_CXX_LIBRARY = "libc++";
				CLANG_ENABLE_MODULES = YES;
				CLANG_ENABLE_OBJC_ARC = YES;
				CLANG_ENABLE_OBJC_WEAK = YES;
				CLANG_WARN_BLOCK_CAPTURE_AUTORELEASING = YES;
				CLANG_WARN_BOOL_CONVERSION = YES;
				CLANG_WARN_COMMA = YES;
				CLANG_WARN_CONSTANT_CONVERSION = YES;
				CLANG_WARN_DEPRECATED_OBJC_IMPLEMENTATIONS = YES;
				CLANG_WARN_DIRECT_OBJC_ISA_USAGE = YES_ERROR;
				CLANG_WARN_DOCUMENTATION_COMMENTS = YES;
				CLANG_WARN_EMPTY_BODY = YES;
				CLANG_WARN_ENUM_CONVERSION = YES;
				CLANG_WARN_INFINITE_RECURSION = YES;
				CLANG_WARN_INT_CONVERSION = YES;
				CLANG_WARN_NON_LITERAL_NULL_CONVERSION = YES;
				CLANG_WARN_OBJC_IMPLICIT_RETAIN_SELF = YES;
				CLANG_WARN_OBJC_LITERAL_CONVERSION = YES;
				CLANG_WARN_OBJC_ROOT_CLASS = YES_ERROR;
				CLANG_WARN_RANGE_LOOP_ANALYSIS = YES;
				CLANG_WARN_STRICT_PROTOTYPES = YES;
				CLANG_WARN_SUSPICIOUS_MOVE = YES;
				CLANG_WARN_UNGUARDED_AVAILABILITY = YES_AGGRESSIVE;
				CLANG_WARN_UNREACHABLE_CODE = YES;
				CLANG_WARN__DUPLICATE_METHOD_MATCH = YES;
				CODE_SIGN_IDENTITY = "Mac Developer";
				COPY_PHASE_STRIP = NO;
				DEBUG_INFORMATION_FORMAT = dwarf;
				ENABLE_STRICT_OBJC_MSGSEND = YES;
				ENABLE_TESTABILITY = YES;
				GCC_C_LANGUAGE_STANDARD = gnu11;
				GCC_DYNAMIC_NO_PIC = NO;
				GCC_NO_COMMON_BLOCKS = YES;
				GCC_OPTIMIZATION_LEVEL = 0;
				GCC_PREPROCESSOR_DEFINITIONS = (
					"DEBUG=1",
					"$(inherited)",
				);
				GCC_WARN_64_TO_32_BIT_CONVERSION = YES;
				GCC_WARN_ABOUT_RETURN_TYPE = YES_ERROR;
				GCC_WARN_UNDECLARED_SELECTOR = YES;
				GCC_WARN_UNINITIALIZED_AUTOS = YES_AGGRESSIVE;
				GCC_WARN_UNUSED_FUNCTION = YES;
				GCC_WARN_UNUSED_VARIABLE = YES;
				MACOSX_DEPLOYMENT_TARGET = 10.14;
				MTL_ENABLE_DEBUG_INFO = INCLUDE_SOURCE;
				MTL_FAST_MATH = YES;
				ONLY_ACTIVE_ARCH = YES;
				SDKROOT = macosx;
			};
			name = Debug;
		};
		E9BBC3BF2242B58000E6ACDA /* Release */ = {
			isa = XCBuildConfiguration;
			buildSettings = {
				ALWAYS_SEARCH_USER_PATHS = NO;
				CLANG_ANALYZER_NONNULL = YES;
				CLANG_ANALYZER_NUMBER_OBJECT_CONVERSION = YES_AGGRESSIVE;
				CLANG_CXX_LANGUAGE_STANDARD = "gnu++14";
				CLANG_CXX_LIBRARY = "libc++";
				CLANG_ENABLE_MODULES = YES;
				CLANG_ENABLE_OBJC_ARC = YES;
				CLANG_ENABLE_OBJC_WEAK = YES;
				CLANG_WARN_BLOCK_CAPTURE_AUTORELEASING = YES;
				CLANG_WARN_BOOL_CONVERSION = YES;
				CLANG_WARN_COMMA = YES;
				CLANG_WARN_CONSTANT_CONVERSION = YES;
				CLANG_WARN_DEPRECATED_OBJC_IMPLEMENTATIONS = YES;
				CLANG_WARN_DIRECT_OBJC_ISA_USAGE = YES_ERROR;
				CLANG_WARN_DOCUMENTATION_COMMENTS = YES;
				CLANG_WARN_EMPTY_BODY = YES;
				CLANG_WARN_ENUM_CONVERSION = YES;
				CLANG_WARN_INFINITE_RECURSION = YES;
				CLANG_WARN_INT_CONVERSION = YES;
				CLANG_WARN_NON_LITERAL_NULL_CONVERSION = YES;
				CLANG_WARN_OBJC_IMPLICIT_RETAIN_SELF = YES;
				CLANG_WARN_OBJC_LITERAL_CONVERSION = YES;
				CLANG_WARN_OBJC_ROOT_CLASS = YES_ERROR;
				CLANG_WARN_RANGE_LOOP_ANALYSIS = YES;
				CLANG_WARN_STRICT_PROTOTYPES = YES;
				CLANG_WARN_SUSPICIOUS_MOVE = YES;
				CLANG_WARN_UNGUARDED_AVAILABILITY = YES_AGGRESSIVE;
				CLANG_WARN_UNREACHABLE_CODE = YES;
				CLANG_WARN__DUPLICATE_METHOD_MATCH = YES;
				CODE_SIGN_IDENTITY = "Mac Developer";
				COPY_PHASE_STRIP = NO;
				DEBUG_INFORMATION_FORMAT = "dwarf-with-dsym";
				ENABLE_NS_ASSERTIONS = NO;
				ENABLE_STRICT_OBJC_MSGSEND = YES;
				GCC_C_LANGUAGE_STANDARD = gnu11;
				GCC_NO_COMMON_BLOCKS = YES;
				GCC_WARN_64_TO_32_BIT_CONVERSION = YES;
				GCC_WARN_ABOUT_RETURN_TYPE = YES_ERROR;
				GCC_WARN_UNDECLARED_SELECTOR = YES;
				GCC_WARN_UNINITIALIZED_AUTOS = YES_AGGRESSIVE;
				GCC_WARN_UNUSED_FUNCTION = YES;
				GCC_WARN_UNUSED_VARIABLE = YES;
				MACOSX_DEPLOYMENT_TARGET = 10.14;
				MTL_ENABLE_DEBUG_INFO = NO;
				MTL_FAST_MATH = YES;
				SDKROOT = macosx;
			};
			name = Release;
		};
		E9BBC3C12242B58000E6ACDA /* Debug */ = {
			isa = XCBuildConfiguration;
			buildSettings = {
				ASSETCATALOG_COMPILER_APPICON_NAME = AppIcon;
				CODE_SIGN_ENTITLEMENTS = Sechat/Sechat.entitlements;
				CODE_SIGN_STYLE = Automatic;
				COMBINE_HIDPI_IMAGES = YES;
				DEVELOPMENT_TEAM = E2GJG6572J;
				HEADER_SEARCH_PATHS = (
					"../../client-objc/Classes/**",
					"../../core-objc/Classes/**",
					"../../mkm-objc/Classes/**",
				);
				INFOPLIST_FILE = Sechat/Info.plist;
				LD_RUNPATH_SEARCH_PATHS = (
					"$(inherited)",
					"@executable_path/../Frameworks",
				);
				MACOSX_DEPLOYMENT_TARGET = 10.13;
				PRODUCT_BUNDLE_IDENTIFIER = DIM.Sechat;
				PRODUCT_NAME = "$(TARGET_NAME)";
			};
			name = Debug;
		};
		E9BBC3C22242B58000E6ACDA /* Release */ = {
			isa = XCBuildConfiguration;
			buildSettings = {
				ASSETCATALOG_COMPILER_APPICON_NAME = AppIcon;
				CODE_SIGN_ENTITLEMENTS = Sechat/Sechat.entitlements;
				CODE_SIGN_STYLE = Automatic;
				COMBINE_HIDPI_IMAGES = YES;
				DEVELOPMENT_TEAM = E2GJG6572J;
				HEADER_SEARCH_PATHS = (
					"../../client-objc/Classes/**",
					"../../core-objc/Classes/**",
					"../../mkm-objc/Classes/**",
				);
				INFOPLIST_FILE = Sechat/Info.plist;
				LD_RUNPATH_SEARCH_PATHS = (
					"$(inherited)",
					"@executable_path/../Frameworks",
				);
				MACOSX_DEPLOYMENT_TARGET = 10.13;
				PRODUCT_BUNDLE_IDENTIFIER = DIM.Sechat;
				PRODUCT_NAME = "$(TARGET_NAME)";
			};
			name = Release;
		};
		E9BBC3C42242B58000E6ACDA /* Debug */ = {
			isa = XCBuildConfiguration;
			buildSettings = {
				BUNDLE_LOADER = "$(TEST_HOST)";
				CODE_SIGN_STYLE = Automatic;
				COMBINE_HIDPI_IMAGES = YES;
				DEVELOPMENT_TEAM = JUVC7SZJE7;
				INFOPLIST_FILE = SechatTests/Info.plist;
				LD_RUNPATH_SEARCH_PATHS = (
					"$(inherited)",
					"@executable_path/../Frameworks",
					"@loader_path/../Frameworks",
				);
				PRODUCT_BUNDLE_IDENTIFIER = DIM.SechatTests;
				PRODUCT_NAME = "$(TARGET_NAME)";
				TEST_HOST = "$(BUILT_PRODUCTS_DIR)/Sechat.app/Contents/MacOS/Sechat";
			};
			name = Debug;
		};
		E9BBC3C52242B58000E6ACDA /* Release */ = {
			isa = XCBuildConfiguration;
			buildSettings = {
				BUNDLE_LOADER = "$(TEST_HOST)";
				CODE_SIGN_STYLE = Automatic;
				COMBINE_HIDPI_IMAGES = YES;
				DEVELOPMENT_TEAM = JUVC7SZJE7;
				INFOPLIST_FILE = SechatTests/Info.plist;
				LD_RUNPATH_SEARCH_PATHS = (
					"$(inherited)",
					"@executable_path/../Frameworks",
					"@loader_path/../Frameworks",
				);
				PRODUCT_BUNDLE_IDENTIFIER = DIM.SechatTests;
				PRODUCT_NAME = "$(TARGET_NAME)";
				TEST_HOST = "$(BUILT_PRODUCTS_DIR)/Sechat.app/Contents/MacOS/Sechat";
			};
			name = Release;
		};
		E9BBC3C72242B58000E6ACDA /* Debug */ = {
			isa = XCBuildConfiguration;
			buildSettings = {
				CODE_SIGN_STYLE = Automatic;
				COMBINE_HIDPI_IMAGES = YES;
				DEVELOPMENT_TEAM = JUVC7SZJE7;
				INFOPLIST_FILE = SechatUITests/Info.plist;
				LD_RUNPATH_SEARCH_PATHS = (
					"$(inherited)",
					"@executable_path/../Frameworks",
					"@loader_path/../Frameworks",
				);
				PRODUCT_BUNDLE_IDENTIFIER = DIM.SechatUITests;
				PRODUCT_NAME = "$(TARGET_NAME)";
				TEST_TARGET_NAME = Sechat;
			};
			name = Debug;
		};
		E9BBC3C82242B58000E6ACDA /* Release */ = {
			isa = XCBuildConfiguration;
			buildSettings = {
				CODE_SIGN_STYLE = Automatic;
				COMBINE_HIDPI_IMAGES = YES;
				DEVELOPMENT_TEAM = JUVC7SZJE7;
				INFOPLIST_FILE = SechatUITests/Info.plist;
				LD_RUNPATH_SEARCH_PATHS = (
					"$(inherited)",
					"@executable_path/../Frameworks",
					"@loader_path/../Frameworks",
				);
				PRODUCT_BUNDLE_IDENTIFIER = DIM.SechatUITests;
				PRODUCT_NAME = "$(TARGET_NAME)";
				TEST_TARGET_NAME = Sechat;
			};
			name = Release;
		};
/* End XCBuildConfiguration section */

/* Begin XCConfigurationList section */
		E9BBC3912242B57E00E6ACDA /* Build configuration list for PBXProject "Sechat" */ = {
			isa = XCConfigurationList;
			buildConfigurations = (
				E9BBC3BE2242B58000E6ACDA /* Debug */,
				E9BBC3BF2242B58000E6ACDA /* Release */,
			);
			defaultConfigurationIsVisible = 0;
			defaultConfigurationName = Release;
		};
		E9BBC3C02242B58000E6ACDA /* Build configuration list for PBXNativeTarget "Sechat" */ = {
			isa = XCConfigurationList;
			buildConfigurations = (
				E9BBC3C12242B58000E6ACDA /* Debug */,
				E9BBC3C22242B58000E6ACDA /* Release */,
			);
			defaultConfigurationIsVisible = 0;
			defaultConfigurationName = Release;
		};
		E9BBC3C32242B58000E6ACDA /* Build configuration list for PBXNativeTarget "SechatTests" */ = {
			isa = XCConfigurationList;
			buildConfigurations = (
				E9BBC3C42242B58000E6ACDA /* Debug */,
				E9BBC3C52242B58000E6ACDA /* Release */,
			);
			defaultConfigurationIsVisible = 0;
			defaultConfigurationName = Release;
		};
		E9BBC3C62242B58000E6ACDA /* Build configuration list for PBXNativeTarget "SechatUITests" */ = {
			isa = XCConfigurationList;
			buildConfigurations = (
				E9BBC3C72242B58000E6ACDA /* Debug */,
				E9BBC3C82242B58000E6ACDA /* Release */,
			);
			defaultConfigurationIsVisible = 0;
			defaultConfigurationName = Release;
		};
/* End XCConfigurationList section */
	};
	rootObject = E9BBC38E2242B57E00E6ACDA /* Project object */;
}
